Microsoft Visual Studio Solution File, Format Version 12.00
# Visual Studio 15
VisualStudioVersion = 15.0.27004.2009
MinimumVisualStudioVersion = 15.0.26730.12
Project("{9A19103F-16F7-4668-BE54-9A1E7A4F7556}") = "ClientUI", "ClientUI\ClientUI.csproj", "{D4DCF868-A625-4B0B-BB20-C150553A6548}"
EndProject
Project("{9A19103F-16F7-4668-BE54-9A1E7A4F7556}") = "UserRegistration", "UserRegistration\UserRegistration.csproj", "{749F08FE-B10F-4568-BD4B-FE40573130F7}"
EndProject
Project("{9A19103F-16F7-4668-BE54-9A1E7A4F7556}") = "UserRegistration.Messages", "UserRegistration.Messages\UserRegistration.Messages.csproj", "{D0B89B2B-6F9D-46A1-B4C2-4C3AE62FEA80}"
EndProject
Global
	GlobalSection(SolutionConfigurationPlatforms) = preSolution
		Debug|Any CPU = Debug|Any CPU
		Release|Any CPU = Release|Any CPU
	EndGlobalSection
	GlobalSection(ProjectConfigurationPlatforms) = postSolution
		{D4DCF868-A625-4B0B-BB20-C150553A6548}.Debug|Any CPU.ActiveCfg = Debug|Any CPU
		{D4DCF868-A625-4B0B-BB20-C150553A6548}.Debug|Any CPU.Build.0 = Debug|Any CPU
		{D4DCF868-A625-4B0B-BB20-C150553A6548}.Release|Any CPU.ActiveCfg = Release|Any CPU
		{D4DCF868-A625-4B0B-BB20-C150553A6548}.Release|Any CPU.Build.0 = Release|Any CPU
		{749F08FE-B10F-4568-BD4B-FE40573130F7}.Debug|Any CPU.ActiveCfg = Debug|Any CPU
		{749F08FE-B10F-4568-BD4B-FE40573130F7}.Debug|Any CPU.Build.0 = Debug|Any CPU
		{749F08FE-B10F-4568-BD4B-FE40573130F7}.Release|Any CPU.ActiveCfg = Release|Any CPU
		{749F08FE-B10F-4568-BD4B-FE40573130F7}.Release|Any CPU.Build.0 = Release|Any CPU
		{D0B89B2B-6F9D-46A1-B4C2-4C3AE62FEA80}.Debug|Any CPU.ActiveCfg = Debug|Any CPU
		{D0B89B2B-6F9D-46A1-B4C2-4C3AE62FEA80}.Debug|Any CPU.Build.0 = Debug|Any CPU
		{D0B89B2B-6F9D-46A1-B4C2-4C3AE62FEA80}.Release|Any CPU.ActiveCfg = Release|Any CPU
		{D0B89B2B-6F9D-46A1-B4C2-4C3AE62FEA80}.Release|Any CPU.Build.0 = Release|Any CPU
	EndGlobalSection
	GlobalSection(SolutionProperties) = preSolution
		HideSolutionNode = FALSE
	EndGlobalSection
	GlobalSection(ExtensibilityGlobals) = postSolution
		SolutionGuid = {29090EB5-5310-44ED-A7B8-78DD33B1F0F6}
	EndGlobalSection
EndGlobal
