Microsoft Visual Studio Solution File, Format Version 12.00
# Visual Studio 15
VisualStudioVersion = 15.0.27004.2009
MinimumVisualStudioVersion = 15.0.26730.12
Project("{9A19103F-16F7-4668-BE54-9A1E7A4F7556}") = "ClientUI", "ClientUI\ClientUI.csproj", "{D4DCF868-A625-4B0B-BB20-C150553A6548}"
EndProject
Project("{9A19103F-16F7-4668-BE54-9A1E7A4F7556}") = "Sales", "Sales\Sales.csproj", "{CD42E5DF-D4A7-4933-8017-1398B2E9560F}"
EndProject
Project("{9A19103F-16F7-4668-BE54-9A1E7A4F7556}") = "Billing.Regular", "Billing.Regular\Billing.Regular.csproj", "{FB97CAA7-E23C-46D2-A880-0CDDA3A6BBDF}"
EndProject
Project("{9A19103F-16F7-4668-BE54-9A1E7A4F7556}") = "Billing.Strategic", "Billing.Strategic\Billing.Strategic.csproj", "{A459C7A2-4832-4811-9CFF-3057ACC7C7CE}"
EndProject
Project("{9A19103F-16F7-4668-BE54-9A1E7A4F7556}") = "Billing.Shared", "Billing.Shared\Billing.Shared.csproj", "{0F4E48BF-6DDB-4C66-A869-2616C977F537}"
EndProject
Project("{9A19103F-16F7-4668-BE54-9A1E7A4F7556}") = "Sales.Messages", "Sales.Messages\Sales.Messages.csproj", "{658F1D56-C894-4576-9431-836BB6EFEC01}"
EndProject
Project("{FAE04EC0-301F-11D3-BF4B-00C04F79EFBC}") = "Shared", "Shared\Shared.csproj", "{B5DE5095-C525-4866-A579-B355BB1F9211}"
EndProject
Global
	GlobalSection(SolutionConfigurationPlatforms) = preSolution
		Debug|Any CPU = Debug|Any CPU
		Release|Any CPU = Release|Any CPU
	EndGlobalSection
	GlobalSection(ProjectConfigurationPlatforms) = postSolution
		{D4DCF868-A625-4B0B-BB20-C150553A6548}.Debug|Any CPU.ActiveCfg = Debug|Any CPU
		{D4DCF868-A625-4B0B-BB20-C150553A6548}.Debug|Any CPU.Build.0 = Debug|Any CPU
		{D4DCF868-A625-4B0B-BB20-C150553A6548}.Release|Any CPU.ActiveCfg = Release|Any CPU
		{D4DCF868-A625-4B0B-BB20-C150553A6548}.Release|Any CPU.Build.0 = Release|Any CPU
		{CD42E5DF-D4A7-4933-8017-1398B2E9560F}.Debug|Any CPU.ActiveCfg = Debug|Any CPU
		{CD42E5DF-D4A7-4933-8017-1398B2E9560F}.Debug|Any CPU.Build.0 = Debug|Any CPU
		{CD42E5DF-D4A7-4933-8017-1398B2E9560F}.Release|Any CPU.ActiveCfg = Release|Any CPU
		{CD42E5DF-D4A7-4933-8017-1398B2E9560F}.Release|Any CPU.Build.0 = Release|Any CPU
		{FB97CAA7-E23C-46D2-A880-0CDDA3A6BBDF}.Debug|Any CPU.ActiveCfg = Debug|Any CPU
		{FB97CAA7-E23C-46D2-A880-0CDDA3A6BBDF}.Debug|Any CPU.Build.0 = Debug|Any CPU
		{FB97CAA7-E23C-46D2-A880-0CDDA3A6BBDF}.Release|Any CPU.ActiveCfg = Release|Any CPU
		{FB97CAA7-E23C-46D2-A880-0CDDA3A6BBDF}.Release|Any CPU.Build.0 = Release|Any CPU
		{A459C7A2-4832-4811-9CFF-3057ACC7C7CE}.Debug|Any CPU.ActiveCfg = Debug|Any CPU
		{A459C7A2-4832-4811-9CFF-3057ACC7C7CE}.Debug|Any CPU.Build.0 = Debug|Any CPU
		{A459C7A2-4832-4811-9CFF-3057ACC7C7CE}.Release|Any CPU.ActiveCfg = Release|Any CPU
		{A459C7A2-4832-4811-9CFF-3057ACC7C7CE}.Release|Any CPU.Build.0 = Release|Any CPU
		{0F4E48BF-6DDB-4C66-A869-2616C977F537}.Debug|Any CPU.ActiveCfg = Debug|Any CPU
		{0F4E48BF-6DDB-4C66-A869-2616C977F537}.Debug|Any CPU.Build.0 = Debug|Any CPU
		{0F4E48BF-6DDB-4C66-A869-2616C977F537}.Release|Any CPU.ActiveCfg = Release|Any CPU
		{0F4E48BF-6DDB-4C66-A869-2616C977F537}.Release|Any CPU.Build.0 = Release|Any CPU
		{658F1D56-C894-4576-9431-836BB6EFEC01}.Debug|Any CPU.ActiveCfg = Debug|Any CPU
		{658F1D56-C894-4576-9431-836BB6EFEC01}.Debug|Any CPU.Build.0 = Debug|Any CPU
		{658F1D56-C894-4576-9431-836BB6EFEC01}.Release|Any CPU.ActiveCfg = Release|Any CPU
		{658F1D56-C894-4576-9431-836BB6EFEC01}.Release|Any CPU.Build.0 = Release|Any CPU
		{B5DE5095-C525-4866-A579-B355BB1F9211}.Debug|Any CPU.ActiveCfg = Debug|Any CPU
		{B5DE5095-C525-4866-A579-B355BB1F9211}.Debug|Any CPU.Build.0 = Debug|Any CPU
		{B5DE5095-C525-4866-A579-B355BB1F9211}.Release|Any CPU.ActiveCfg = Release|Any CPU
		{B5DE5095-C525-4866-A579-B355BB1F9211}.Release|Any CPU.Build.0 = Release|Any CPU
	EndGlobalSection
	GlobalSection(SolutionProperties) = preSolution
		HideSolutionNode = FALSE
	EndGlobalSection
	GlobalSection(ExtensibilityGlobals) = postSolution
		SolutionGuid = {29090EB5-5310-44ED-A7B8-78DD33B1F0F6}
	EndGlobalSection
EndGlobal
