
Microsoft Visual Studio Solution File, Format Version 12.00
# Visual Studio 15
VisualStudioVersion = 15.0.26730.12
MinimumVisualStudioVersion = 15.0.26730.12
Project("{FAE04EC0-301F-11D3-BF4B-00C04F79EFBC}") = "ClientUI", "ClientUI\ClientUI.csproj", "{D4DCF868-A625-4B0B-BB20-C150553A6548}"
EndProject
Project("{FAE04EC0-301F-11D3-BF4B-00C04F79EFBC}") = "Messages", "Messages\Messages.csproj", "{54EF6F7D-74D7-4C90-9BB3-4D8FD6CE0A25}"
EndProject
Project("{FAE04EC0-301F-11D3-BF4B-00C04F79EFBC}") = "Sales", "Sales\Sales.csproj", "{5BBC94D1-AADC-4331-98D4-12F174361FB7}"
EndProject
Project("{FAE04EC0-301F-11D3-BF4B-00C04F79EFBC}") = "Shipping", "Shipping\Shipping.csproj", "{4126CCCB-DC9D-495F-840F-3801AD464BE0}"
EndProject
Project("{FAE04EC0-301F-11D3-BF4B-00C04F79EFBC}") = "Billing", "Billing\Billing.csproj", "{9DB8125A-5E16-4CA0-9000-9D0F9E9459FB}"
EndProject
Global
	GlobalSection(SolutionConfigurationPlatforms) = preSolution
		Debug|Any CPU = Debug|Any CPU
	EndGlobalSection
	GlobalSection(ProjectConfigurationPlatforms) = postSolution
		{D4DCF868-A625-4B0B-BB20-C150553A6548}.Debug|Any CPU.ActiveCfg = Debug|Any CPU
		{D4DCF868-A625-4B0B-BB20-C150553A6548}.Debug|Any CPU.Build.0 = Debug|Any CPU
		{54EF6F7D-74D7-4C90-9BB3-4D8FD6CE0A25}.Debug|Any CPU.ActiveCfg = Debug|Any CPU
		{54EF6F7D-74D7-4C90-9BB3-4D8FD6CE0A25}.Debug|Any CPU.Build.0 = Debug|Any CPU
		{5BBC94D1-AADC-4331-98D4-12F174361FB7}.Debug|Any CPU.ActiveCfg = Debug|Any CPU
		{5BBC94D1-AADC-4331-98D4-12F174361FB7}.Debug|Any CPU.Build.0 = Debug|Any CPU
		{4126CCCB-DC9D-495F-840F-3801AD464BE0}.Debug|Any CPU.ActiveCfg = Debug|Any CPU
		{4126CCCB-DC9D-495F-840F-3801AD464BE0}.Debug|Any CPU.Build.0 = Debug|Any CPU
		{9DB8125A-5E16-4CA0-9000-9D0F9E9459FB}.Debug|Any CPU.ActiveCfg = Debug|Any CPU
		{9DB8125A-5E16-4CA0-9000-9D0F9E9459FB}.Debug|Any CPU.Build.0 = Debug|Any CPU
	EndGlobalSection
	GlobalSection(SolutionProperties) = preSolution
		HideSolutionNode = FALSE
	EndGlobalSection
EndGlobal
